
Microsoft Visual Studio Solution File, Format Version 12.00
# Visual Studio Version 17
VisualStudioVersion = 17.14.36511.14 d17.14
MinimumVisualStudioVersion = 10.0.40219.1
Project("{FAE04EC0-301F-11D3-BF4B-00C04F79EFBC}") = "PengolahanCitra", "PengolahanCitra\PengolahanCitra.csproj", "{48FDC4AC-DDF6-4234-AF02-BD733A277381}"
EndProject
Global
	GlobalSection(SolutionConfigurationPlatforms) = preSolution
		Debug|Any CPU = Debug|Any CPU
		Release|Any CPU = Release|Any CPU
	EndGlobalSection
	GlobalSection(ProjectConfigurationPlatforms) = postSolution
		{48FDC4AC-DDF6-4234-AF02-BD733A277381}.Debug|Any CPU.ActiveCfg = Debug|Any CPU
		{48FDC4AC-DDF6-4234-AF02-BD733A277381}.Debug|Any CPU.Build.0 = Debug|Any CPU
		{48FDC4AC-DDF6-4234-AF02-BD733A277381}.Release|Any CPU.ActiveCfg = Release|Any CPU
		{48FDC4AC-DDF6-4234-AF02-BD733A277381}.Release|Any CPU.Build.0 = Release|Any CPU
	EndGlobalSection
	GlobalSection(SolutionProperties) = preSolution
		HideSolutionNode = FALSE
	EndGlobalSection
	GlobalSection(ExtensibilityGlobals) = postSolution
		SolutionGuid = {14BC0ED7-729E-41E4-90DE-3C47F0E50DBD}
	EndGlobalSection
EndGlobal
